
Microsoft Visual Studio Solution File, Format Version 12.00
# Visual Studio Version 17
VisualStudioVersion = 17.1.32421.90
MinimumVisualStudioVersion = 10.0.40219.1
Project("{FAE04EC0-301F-11D3-BF4B-00C04F79EFBC}") = "JuliaAulaWebApi", "JuliaAulaWebApi\JuliaAulaWebApi.csproj", "{71DA914F-24AF-42A3-BC76-A533805F5343}"
EndProject
Global
	GlobalSection(SolutionConfigurationPlatforms) = preSolution
		Debug|Any CPU = Debug|Any CPU
		Release|Any CPU = Release|Any CPU
	EndGlobalSection
	GlobalSection(ProjectConfigurationPlatforms) = postSolution
		{71DA914F-24AF-42A3-BC76-A533805F5343}.Debug|Any CPU.ActiveCfg = Debug|Any CPU
		{71DA914F-24AF-42A3-BC76-A533805F5343}.Debug|Any CPU.Build.0 = Debug|Any CPU
		{71DA914F-24AF-42A3-BC76-A533805F5343}.Release|Any CPU.ActiveCfg = Release|Any CPU
		{71DA914F-24AF-42A3-BC76-A533805F5343}.Release|Any CPU.Build.0 = Release|Any CPU
	EndGlobalSection
	GlobalSection(SolutionProperties) = preSolution
		HideSolutionNode = FALSE
	EndGlobalSection
	GlobalSection(ExtensibilityGlobals) = postSolution
		SolutionGuid = {00A91B76-0475-4B50-B71B-2768AAF06B5F}
	EndGlobalSection
EndGlobal
